
Microsoft Visual Studio Solution File, Format Version 12.00
# Visual Studio Version 17
VisualStudioVersion = 17.1.32328.378
MinimumVisualStudioVersion = 10.0.40219.1
Project("{FAE04EC0-301F-11D3-BF4B-00C04F79EFBC}") = "RenegociacaoServiceBFF", "RenegociacaoServiceBFF\RenegociacaoServiceBFF.csproj", "{B032200F-6D9D-4C10-88AE-EF4FFA606B61}"
EndProject
Global
	GlobalSection(SolutionConfigurationPlatforms) = preSolution
		Debug|Any CPU = Debug|Any CPU
		Release|Any CPU = Release|Any CPU
	EndGlobalSection
	GlobalSection(ProjectConfigurationPlatforms) = postSolution
		{B032200F-6D9D-4C10-88AE-EF4FFA606B61}.Debug|Any CPU.ActiveCfg = Debug|Any CPU
		{B032200F-6D9D-4C10-88AE-EF4FFA606B61}.Debug|Any CPU.Build.0 = Debug|Any CPU
		{B032200F-6D9D-4C10-88AE-EF4FFA606B61}.Release|Any CPU.ActiveCfg = Release|Any CPU
		{B032200F-6D9D-4C10-88AE-EF4FFA606B61}.Release|Any CPU.Build.0 = Release|Any CPU
	EndGlobalSection
	GlobalSection(SolutionProperties) = preSolution
		HideSolutionNode = FALSE
	EndGlobalSection
	GlobalSection(ExtensibilityGlobals) = postSolution
		SolutionGuid = {4F98BDB2-1039-4441-A7C4-C2B5DB185943}
	EndGlobalSection
EndGlobal
